
Microsoft Visual Studio Solution File, Format Version 12.00
# Visual Studio Version 16
VisualStudioVersion = 16.0.30907.101
MinimumVisualStudioVersion = 10.0.40219.1
Project("{FAE04EC0-301F-11D3-BF4B-00C04F79EFBC}") = "BakerySad", "BakerySad\BakerySad.csproj", "{5AF3DE16-5DB7-47E7-94B4-556CA0AE1537}"
EndProject
Global
	GlobalSection(SolutionConfigurationPlatforms) = preSolution
		Debug|Any CPU = Debug|Any CPU
		Release|Any CPU = Release|Any CPU
	EndGlobalSection
	GlobalSection(ProjectConfigurationPlatforms) = postSolution
		{5AF3DE16-5DB7-47E7-94B4-556CA0AE1537}.Debug|Any CPU.ActiveCfg = Debug|Any CPU
		{5AF3DE16-5DB7-47E7-94B4-556CA0AE1537}.Debug|Any CPU.Build.0 = Debug|Any CPU
		{5AF3DE16-5DB7-47E7-94B4-556CA0AE1537}.Release|Any CPU.ActiveCfg = Release|Any CPU
		{5AF3DE16-5DB7-47E7-94B4-556CA0AE1537}.Release|Any CPU.Build.0 = Release|Any CPU
	EndGlobalSection
	GlobalSection(SolutionProperties) = preSolution
		HideSolutionNode = FALSE
	EndGlobalSection
	GlobalSection(ExtensibilityGlobals) = postSolution
		SolutionGuid = {ADAF19F1-34A2-44CF-A3D4-B501C8742D01}
	EndGlobalSection
EndGlobal
